
Microsoft Visual Studio Solution File, Format Version 12.00
# Visual Studio Version 16
VisualStudioVersion = 16.0.30309.148
MinimumVisualStudioVersion = 10.0.40219.1
Project("{FAE04EC0-301F-11D3-BF4B-00C04F79EFBC}") = "PlaysLTCWrapper", "PlaysLTCWrapper\PlaysLTCWrapper.csproj", "{3A6C3C06-54DC-4436-9A0C-84F77814C85E}"
EndProject
Global
	GlobalSection(SolutionConfigurationPlatforms) = preSolution
		Debug|Any CPU = Debug|Any CPU
		Release|Any CPU = Release|Any CPU
	EndGlobalSection
	GlobalSection(ProjectConfigurationPlatforms) = postSolution
		{3A6C3C06-54DC-4436-9A0C-84F77814C85E}.Debug|Any CPU.ActiveCfg = Debug|Any CPU
		{3A6C3C06-54DC-4436-9A0C-84F77814C85E}.Debug|Any CPU.Build.0 = Debug|Any CPU
		{3A6C3C06-54DC-4436-9A0C-84F77814C85E}.Release|Any CPU.ActiveCfg = Release|Any CPU
		{3A6C3C06-54DC-4436-9A0C-84F77814C85E}.Release|Any CPU.Build.0 = Release|Any CPU
	EndGlobalSection
	GlobalSection(SolutionProperties) = preSolution
		HideSolutionNode = FALSE
	EndGlobalSection
	GlobalSection(ExtensibilityGlobals) = postSolution
		SolutionGuid = {8D8A2010-344E-4DF3-98A6-49EB4302CEA0}
	EndGlobalSection
EndGlobal
